// !$*UTF8*$!
{
	archiveVersion = 1;
	classes = {
	};
	objectVersion = 46;
	objects = {

/* Begin PBXBuildFile section */
		DD78AF741C86384700632E52 /* AppDelegate.swift in Sources */ = {isa = PBXBuildFile; fileRef = DD78AF731C86384700632E52 /* AppDelegate.swift */; };
		DD78AF761C86384700632E52 /* ViewController.swift in Sources */ = {isa = PBXBuildFile; fileRef = DD78AF751C86384700632E52 /* ViewController.swift */; };
		DD78AF791C86384700632E52 /* Main.storyboard in Resources */ = {isa = PBXBuildFile; fileRef = DD78AF771C86384700632E52 /* Main.storyboard */; };
		DD78AF7B1C86384700632E52 /* Assets.xcassets in Resources */ = {isa = PBXBuildFile; fileRef = DD78AF7A1C86384700632E52 /* Assets.xcassets */; };
		DD78AF7E1C86384700632E52 /* LaunchScreen.storyboard in Resources */ = {isa = PBXBuildFile; fileRef = DD78AF7C1C86384700632E52 /* LaunchScreen.storyboard */; };
		DD78AF871C863B9E00632E52 /* Firebase.framework in Frameworks */ = {isa = PBXBuildFile; fileRef = DD78AF851C863B8F00632E52 /* Firebase.framework */; };
		DD78AF881C863B9E00632E52 /* Firebase.framework in Embed Frameworks */ = {isa = PBXBuildFile; fileRef = DD78AF851C863B8F00632E52 /* Firebase.framework */; settings = {ATTRIBUTES = (CodeSignOnCopy, RemoveHeadersOnCopy, ); }; };
		DD78AF8B1C863BAE00632E52 /* CFNetwork.framework in Frameworks */ = {isa = PBXBuildFile; fileRef = DD78AF8A1C863BAE00632E52 /* CFNetwork.framework */; };
		DD78AF8D1C863BB900632E52 /* libc++.tbd in Frameworks */ = {isa = PBXBuildFile; fileRef = DD78AF8C1C863BB900632E52 /* libc++.tbd */; };
		DD78AF8F1C863BC200632E52 /* Security.framework in Frameworks */ = {isa = PBXBuildFile; fileRef = DD78AF8E1C863BC200632E52 /* Security.framework */; };
		DD78AF911C863BD400632E52 /* libicucore.tbd in Frameworks */ = {isa = PBXBuildFile; fileRef = DD78AF901C863BD400632E52 /* libicucore.tbd */; };
		DD78AF931C863BDC00632E52 /* SystemConfiguration.framework in Frameworks */ = {isa = PBXBuildFile; fileRef = DD78AF921C863BDC00632E52 /* SystemConfiguration.framework */; };
/* End PBXBuildFile section */

/* Begin PBXCopyFilesBuildPhase section */
		DD78AF891C863B9E00632E52 /* Embed Frameworks */ = {
			isa = PBXCopyFilesBuildPhase;
			buildActionMask = 2147483647;
			dstPath = "";
			dstSubfolderSpec = 10;
			files = (
				DD78AF881C863B9E00632E52 /* Firebase.framework in Embed Frameworks */,
			);
			name = "Embed Frameworks";
			runOnlyForDeploymentPostprocessing = 0;
		};
/* End PBXCopyFilesBuildPhase section */

/* Begin PBXFileReference section */
		DD78AF701C86384700632E52 /* FirebaseAuth.app */ = {isa = PBXFileReference; explicitFileType = wrapper.application; includeInIndex = 0; path = FirebaseAuth.app; sourceTree = BUILT_PRODUCTS_DIR; };
		DD78AF731C86384700632E52 /* AppDelegate.swift */ = {isa = PBXFileReference; lastKnownFileType = sourcecode.swift; path = AppDelegate.swift; sourceTree = "<group>"; };
		DD78AF751C86384700632E52 /* ViewController.swift */ = {isa = PBXFileReference; lastKnownFileType = sourcecode.swift; path = ViewController.swift; sourceTree = "<group>"; };
		DD78AF781C86384700632E52 /* Base */ = {isa = PBXFileReference; lastKnownFileType = file.storyboard; name = Base; path = Base.lproj/Main.storyboard; sourceTree = "<group>"; };
		DD78AF7A1C86384700632E52 /* Assets.xcassets */ = {isa = PBXFileReference; lastKnownFileType = folder.assetcatalog; path = Assets.xcassets; sourceTree = "<group>"; };
		DD78AF7D1C86384700632E52 /* Base */ = {isa = PBXFileReference; lastKnownFileType = file.storyboard; name = Base; path = Base.lproj/LaunchScreen.storyboard; sourceTree = "<group>"; };
		DD78AF7F1C86384700632E52 /* Info.plist */ = {isa = PBXFileReference; lastKnownFileType = text.plist.xml; path = Info.plist; sourceTree = "<group>"; };
		DD78AF851C863B8F00632E52 /* Firebase.framework */ = {isa = PBXFileReference; lastKnownFileType = wrapper.framework; name = Firebase.framework; path = FirebaseAuth/Firebase.framework; sourceTree = "<group>"; };
		DD78AF8A1C863BAE00632E52 /* CFNetwork.framework */ = {isa = PBXFileReference; lastKnownFileType = wrapper.framework; name = CFNetwork.framework; path = System/Library/Frameworks/CFNetwork.framework; sourceTree = SDKROOT; };
		DD78AF8C1C863BB900632E52 /* libc++.tbd */ = {isa = PBXFileReference; lastKnownFileType = "sourcecode.text-based-dylib-definition"; name = "libc++.tbd"; path = "usr/lib/libc++.tbd"; sourceTree = SDKROOT; };
		DD78AF8E1C863BC200632E52 /* Security.framework */ = {isa = PBXFileReference; lastKnownFileType = wrapper.framework; name = Security.framework; path = System/Library/Frameworks/Security.framework; sourceTree = SDKROOT; };
		DD78AF901C863BD400632E52 /* libicucore.tbd */ = {isa = PBXFileReference; lastKnownFileType = "sourcecode.text-based-dylib-definition"; name = libicucore.tbd; path = usr/lib/libicucore.tbd; sourceTree = SDKROOT; };
		DD78AF921C863BDC00632E52 /* SystemConfiguration.framework */ = {isa = PBXFileReference; lastKnownFileType = wrapper.framework; name = SystemConfiguration.framework; path = System/Library/Frameworks/SystemConfiguration.framework; sourceTree = SDKROOT; };
/* End PBXFileReference section */

/* Begin PBXFrameworksBuildPhase section */
		DD78AF6D1C86384700632E52 /* Frameworks */ = {
			isa = PBXFrameworksBuildPhase;
			buildActionMask = 2147483647;
			files = (
				DD78AF931C863BDC00632E52 /* SystemConfiguration.framework in Frameworks */,
				DD78AF911C863BD400632E52 /* libicucore.tbd in Frameworks */,
				DD78AF8F1C863BC200632E52 /* Security.framework in Frameworks */,
				DD78AF8D1C863BB900632E52 /* libc++.tbd in Frameworks */,
				DD78AF8B1C863BAE00632E52 /* CFNetwork.framework in Frameworks */,
				DD78AF871C863B9E00632E52 /* Firebase.framework in Frameworks */,
			);
			runOnlyForDeploymentPostprocessing = 0;
		};
/* End PBXFrameworksBuildPhase section */

/* Begin PBXGroup section */
		DD78AF671C86384700632E52 = {
			isa = PBXGroup;
			children = (
				DD78AF941C863BFC00632E52 /* Frameworks */,
				DD78AF721C86384700632E52 /* FirebaseAuth */,
				DD78AF711C86384700632E52 /* Products */,
			);
			sourceTree = "<group>";
		};
		DD78AF711C86384700632E52 /* Products */ = {
			isa = PBXGroup;
			children = (
				DD78AF701C86384700632E52 /* FirebaseAuth.app */,
			);
			name = Products;
			sourceTree = "<group>";
		};
		DD78AF721C86384700632E52 /* FirebaseAuth */ = {
			isa = PBXGroup;
			children = (
				DD78AF731C86384700632E52 /* AppDelegate.swift */,
				DD78AF751C86384700632E52 /* ViewController.swift */,
				DD78AF771C86384700632E52 /* Main.storyboard */,
				DD78AF7A1C86384700632E52 /* Assets.xcassets */,
				DD78AF7C1C86384700632E52 /* LaunchScreen.storyboard */,
				DD78AF7F1C86384700632E52 /* Info.plist */,
			);
			path = FirebaseAuth;
			sourceTree = "<group>";
		};
		DD78AF941C863BFC00632E52 /* Frameworks */ = {
			isa = PBXGroup;
			children = (
				DD78AF921C863BDC00632E52 /* SystemConfiguration.framework */,
				DD78AF901C863BD400632E52 /* libicucore.tbd */,
				DD78AF8E1C863BC200632E52 /* Security.framework */,
				DD78AF8C1C863BB900632E52 /* libc++.tbd */,
				DD78AF8A1C863BAE00632E52 /* CFNetwork.framework */,
				DD78AF851C863B8F00632E52 /* Firebase.framework */,
			);
			name = Frameworks;
			sourceTree = "<group>";
		};
/* End PBXGroup section */

/* Begin PBXNativeTarget section */
		DD78AF6F1C86384700632E52 /* FirebaseAuth */ = {
			isa = PBXNativeTarget;
			buildConfigurationList = DD78AF821C86384700632E52 /* Build configuration list for PBXNativeTarget "FirebaseAuth" */;
			buildPhases = (
				DD78AF6C1C86384700632E52 /* Sources */,
				DD78AF6D1C86384700632E52 /* Frameworks */,
				DD78AF6E1C86384700632E52 /* Resources */,
				DD78AF891C863B9E00632E52 /* Embed Frameworks */,
			);
			buildRules = (
			);
			dependencies = (
			);
			name = FirebaseAuth;
			productName = FirebaseAuth;
			productReference = DD78AF701C86384700632E52 /* FirebaseAuth.app */;
			productType = "com.apple.product-type.application";
		};
/* End PBXNativeTarget section */

/* Begin PBXProject section */
		DD78AF681C86384700632E52 /* Project object */ = {
			isa = PBXProject;
			attributes = {
				LastSwiftUpdateCheck = 0720;
				LastUpgradeCheck = 0720;
				ORGANIZATIONNAME = "Parker Donat";
				TargetAttributes = {
					DD78AF6F1C86384700632E52 = {
						CreatedOnToolsVersion = 7.2.1;
					};
				};
			};
			buildConfigurationList = DD78AF6B1C86384700632E52 /* Build configuration list for PBXProject "FirebaseAuth" */;
			compatibilityVersion = "Xcode 3.2";
			developmentRegion = English;
			hasScannedForEncodings = 0;
			knownRegions = (
				en,
				Base,
			);
			mainGroup = DD78AF671C86384700632E52;
			productRefGroup = DD78AF711C86384700632E52 /* Products */;
			projectDirPath = "";
			projectRoot = "";
			targets = (
				DD78AF6F1C86384700632E52 /* FirebaseAuth */,
			);
		};
/* End PBXProject section */

/* Begin PBXResourcesBuildPhase section */
		DD78AF6E1C86384700632E52 /* Resources */ = {
			isa = PBXResourcesBuildPhase;
			buildActionMask = 2147483647;
			files = (
				DD78AF7E1C86384700632E52 /* LaunchScreen.storyboard in Resources */,
				DD78AF7B1C86384700632E52 /* Assets.xcassets in Resources */,
				DD78AF791C86384700632E52 /* Main.storyboard in Resources */,
			);
			runOnlyForDeploymentPostprocessing = 0;
		};
/* End PBXResourcesBuildPhase section */

/* Begin PBXSourcesBuildPhase section */
		DD78AF6C1C86384700632E52 /* Sources */ = {
			isa = PBXSourcesBuildPhase;
			buildActionMask = 2147483647;
			files = (
				DD78AF761C86384700632E52 /* ViewController.swift in Sources */,
				DD78AF741C86384700632E52 /* AppDelegate.swift in Sources */,
			);
			runOnlyForDeploymentPostprocessing = 0;
		};
/* End PBXSourcesBuildPhase section */

/* Begin PBXVariantGroup section */
		DD78AF771C86384700632E52 /* Main.storyboard */ = {
			isa = PBXVariantGroup;
			children = (
				DD78AF781C86384700632E52 /* Base */,
			);
			name = Main.storyboard;
			sourceTree = "<group>";
		};
		DD78AF7C1C86384700632E52 /* LaunchScreen.storyboard */ = {
			isa = PBXVariantGroup;
			children = (
				DD78AF7D1C86384700632E52 /* Base */,
			);
			name = LaunchScreen.storyboard;
			sourceTree = "<group>";
		};
/* End PBXVariantGroup section */

/* Begin XCBuildConfiguration section */
		DD78AF801C86384700632E52 /* Debug */ = {
			isa = XCBuildConfiguration;
			buildSettings = {
				ALWAYS_SEARCH_USER_PATHS = NO;
				CLANG_CXX_LANGUAGE_STANDARD = "gnu++0x";
				CLANG_CXX_LIBRARY = "libc++";
				CLANG_ENABLE_MODULES = YES;
				CLANG_ENABLE_OBJC_ARC = YES;
				CLANG_WARN_BOOL_CONVERSION = YES;
				CLANG_WARN_CONSTANT_CONVERSION = YES;
				CLANG_WARN_DIRECT_OBJC_ISA_USAGE = YES_ERROR;
				CLANG_WARN_EMPTY_BODY = YES;
				CLANG_WARN_ENUM_CONVERSION = YES;
				CLANG_WARN_INT_CONVERSION = YES;
				CLANG_WARN_OBJC_ROOT_CLASS = YES_ERROR;
				CLANG_WARN_UNREACHABLE_CODE = YES;
				CLANG_WARN__DUPLICATE_METHOD_MATCH = YES;
				"CODE_SIGN_IDENTITY[sdk=iphoneos*]" = "iPhone Developer";
				COPY_PHASE_STRIP = NO;
				DEBUG_INFORMATION_FORMAT = dwarf;
				ENABLE_STRICT_OBJC_MSGSEND = YES;
				ENABLE_TESTABILITY = YES;
				GCC_C_LANGUAGE_STANDARD = gnu99;
				GCC_DYNAMIC_NO_PIC = NO;
				GCC_NO_COMMON_BLOCKS = YES;
				GCC_OPTIMIZATION_LEVEL = 0;
				GCC_PREPROCESSOR_DEFINITIONS = (
					"DEBUG=1",
					"$(inherited)",
				);
				GCC_WARN_64_TO_32_BIT_CONVERSION = YES;
				GCC_WARN_ABOUT_RETURN_TYPE = YES_ERROR;
				GCC_WARN_UNDECLARED_SELECTOR = YES;
				GCC_WARN_UNINITIALIZED_AUTOS = YES_AGGRESSIVE;
				GCC_WARN_UNUSED_FUNCTION = YES;
				GCC_WARN_UNUSED_VARIABLE = YES;
				IPHONEOS_DEPLOYMENT_TARGET = 9.2;
				MTL_ENABLE_DEBUG_INFO = YES;
				ONLY_ACTIVE_ARCH = YES;
				SDKROOT = iphoneos;
				SWIFT_OPTIMIZATION_LEVEL = "-Onone";
			};
			name = Debug;
		};
		DD78AF811C86384700632E52 /* Release */ = {
			isa = XCBuildConfiguration;
			buildSettings = {
				ALWAYS_SEARCH_USER_PATHS = NO;
				CLANG_CXX_LANGUAGE_STANDARD = "gnu++0x";
				CLANG_CXX_LIBRARY = "libc++";
				CLANG_ENABLE_MODULES = YES;
				CLANG_ENABLE_OBJC_ARC = YES;
				CLANG_WARN_BOOL_CONVERSION = YES;
				CLANG_WARN_CONSTANT_CONVERSION = YES;
				CLANG_WARN_DIRECT_OBJC_ISA_USAGE = YES_ERROR;
				CLANG_WARN_EMPTY_BODY = YES;
				CLANG_WARN_ENUM_CONVERSION = YES;
				CLANG_WARN_INT_CONVERSION = YES;
				CLANG_WARN_OBJC_ROOT_CLASS = YES_ERROR;
				CLANG_WARN_UNREACHABLE_CODE = YES;
				CLANG_WARN__DUPLICATE_METHOD_MATCH = YES;
				"CODE_SIGN_IDENTITY[sdk=iphoneos*]" = "iPhone Developer";
				COPY_PHASE_STRIP = NO;
				DEBUG_INFORMATION_FORMAT = "dwarf-with-dsym";
				ENABLE_NS_ASSERTIONS = NO;
				ENABLE_STRICT_OBJC_MSGSEND = YES;
				GCC_C_LANGUAGE_STANDARD = gnu99;
				GCC_NO_COMMON_BLOCKS = YES;
				GCC_WARN_64_TO_32_BIT_CONVERSION = YES;
				GCC_WARN_ABOUT_RETURN_TYPE = YES_ERROR;
				GCC_WARN_UNDECLARED_SELECTOR = YES;
				GCC_WARN_UNINITIALIZED_AUTOS = YES_AGGRESSIVE;
				GCC_WARN_UNUSED_FUNCTION = YES;
				GCC_WARN_UNUSED_VARIABLE = YES;
				IPHONEOS_DEPLOYMENT_TARGET = 9.2;
				MTL_ENABLE_DEBUG_INFO = NO;
				SDKROOT = iphoneos;
				VALIDATE_PRODUCT = YES;
			};
			name = Release;
		};
		DD78AF831C86384700632E52 /* Debug */ = {
			isa = XCBuildConfiguration;
			buildSettings = {
				ASSETCATALOG_COMPILER_APPICON_NAME = AppIcon;
				FRAMEWORK_SEARCH_PATHS = (
					"$(inherited)",
					"$(PROJECT_DIR)/FirebaseAuth",
				);
				INFOPLIST_FILE = FirebaseAuth/Info.plist;
				LD_RUNPATH_SEARCH_PATHS = "$(inherited) @executable_path/Frameworks";
				PRODUCT_BUNDLE_IDENTIFIER = com.parkerdonat.FirebaseAuth;
				PRODUCT_NAME = "$(TARGET_NAME)";
			};
			name = Debug;
		};
		DD78AF841C86384700632E52 /* Release */ = {
			isa = XCBuildConfiguration;
			buildSettings = {
				ASSETCATALOG_COMPILER_APPICON_NAME = AppIcon;
				FRAMEWORK_SEARCH_PATHS = (
					"$(inherited)",
					"$(PROJECT_DIR)/FirebaseAuth",
				);
				INFOPLIST_FILE = FirebaseAuth/Info.plist;
				LD_RUNPATH_SEARCH_PATHS = "$(inherited) @executable_path/Frameworks";
				PRODUCT_BUNDLE_IDENTIFIER = com.parkerdonat.FirebaseAuth;
				PRODUCT_NAME = "$(TARGET_NAME)";
			};
			name = Release;
		};
/* End XCBuildConfiguration section */

/* Begin XCConfigurationList section */
		DD78AF6B1C86384700632E52 /* Build configuration list for PBXProject "FirebaseAuth" */ = {
			isa = XCConfigurationList;
			buildConfigurations = (
				DD78AF801C86384700632E52 /* Debug */,
				DD78AF811C86384700632E52 /* Release */,
			);
			defaultConfigurationIsVisible = 0;
			defaultConfigurationName = Release;
		};
		DD78AF821C86384700632E52 /* Build configuration list for PBXNativeTarget "FirebaseAuth" */ = {
			isa = XCConfigurationList;
			buildConfigurations = (
				DD78AF831C86384700632E52 /* Debug */,
				DD78AF841C86384700632E52 /* Release */,
			);
			defaultConfigurationIsVisible = 0;
		};
/* End XCConfigurationList section */
	};
	rootObject = DD78AF681C86384700632E52 /* Project object */;
}
